// !$*UTF8*$!
{
	archiveVersion = 1;
	classes = {
	};
	objectVersion = 50;
	objects = {

/* Begin PBXBuildFile section */
		90001B9622AC43DD00185358 /* AppDelegate.swift in Sources */ = {isa = PBXBuildFile; fileRef = 90001B9522AC43DD00185358 /* AppDelegate.swift */; };
		90001B9822AC43DD00185358 /* ViewController.swift in Sources */ = {isa = PBXBuildFile; fileRef = 90001B9722AC43DD00185358 /* ViewController.swift */; };
		90001B9B22AC43DD00185358 /* Main.storyboard in Resources */ = {isa = PBXBuildFile; fileRef = 90001B9922AC43DD00185358 /* Main.storyboard */; };
		90001B9D22AC43E000185358 /* Assets.xcassets in Resources */ = {isa = PBXBuildFile; fileRef = 90001B9C22AC43E000185358 /* Assets.xcassets */; };
		90001BA022AC43E000185358 /* LaunchScreen.storyboard in Resources */ = {isa = PBXBuildFile; fileRef = 90001B9E22AC43E000185358 /* LaunchScreen.storyboard */; };
		90001BAB22AC43E000185358 /* GraphicsTests.swift in Sources */ = {isa = PBXBuildFile; fileRef = 90001BAA22AC43E000185358 /* GraphicsTests.swift */; };
		905D94D122AC44F600BE4CA2 /* TelegramJsonParser.swift in Sources */ = {isa = PBXBuildFile; fileRef = 905D94D022AC44F600BE4CA2 /* TelegramJsonParser.swift */; };
		905D94D522AC453F00BE4CA2 /* chart_data.json in Resources */ = {isa = PBXBuildFile; fileRef = 905D94D422AC453F00BE4CA2 /* chart_data.json */; };
/* End PBXBuildFile section */

/* Begin PBXContainerItemProxy section */
		90001BA722AC43E000185358 /* PBXContainerItemProxy */ = {
			isa = PBXContainerItemProxy;
			containerPortal = 90001B8A22AC43DD00185358 /* Project object */;
			proxyType = 1;
			remoteGlobalIDString = 90001B9122AC43DD00185358;
			remoteInfo = Graphics;
		};
/* End PBXContainerItemProxy section */

/* Begin PBXFileReference section */
		90001B9222AC43DD00185358 /* Graphics.app */ = {isa = PBXFileReference; explicitFileType = wrapper.application; includeInIndex = 0; path = Graphics.app; sourceTree = BUILT_PRODUCTS_DIR; };
		90001B9522AC43DD00185358 /* AppDelegate.swift */ = {isa = PBXFileReference; lastKnownFileType = sourcecode.swift; path = AppDelegate.swift; sourceTree = "<group>"; };
		90001B9722AC43DD00185358 /* ViewController.swift */ = {isa = PBXFileReference; lastKnownFileType = sourcecode.swift; path = ViewController.swift; sourceTree = "<group>"; };
		90001B9A22AC43DD00185358 /* Base */ = {isa = PBXFileReference; lastKnownFileType = file.storyboard; name = Base; path = Base.lproj/Main.storyboard; sourceTree = "<group>"; };
		90001B9C22AC43E000185358 /* Assets.xcassets */ = {isa = PBXFileReference; lastKnownFileType = folder.assetcatalog; path = Assets.xcassets; sourceTree = "<group>"; };
		90001B9F22AC43E000185358 /* Base */ = {isa = PBXFileReference; lastKnownFileType = file.storyboard; name = Base; path = Base.lproj/LaunchScreen.storyboard; sourceTree = "<group>"; };
		90001BA122AC43E000185358 /* Info.plist */ = {isa = PBXFileReference; lastKnownFileType = text.plist.xml; path = Info.plist; sourceTree = "<group>"; };
		90001BA622AC43E000185358 /* GraphicsTests.xctest */ = {isa = PBXFileReference; explicitFileType = wrapper.cfbundle; includeInIndex = 0; path = GraphicsTests.xctest; sourceTree = BUILT_PRODUCTS_DIR; };
		90001BAA22AC43E000185358 /* GraphicsTests.swift */ = {isa = PBXFileReference; lastKnownFileType = sourcecode.swift; path = GraphicsTests.swift; sourceTree = "<group>"; };
		90001BAC22AC43E000185358 /* Info.plist */ = {isa = PBXFileReference; lastKnownFileType = text.plist.xml; path = Info.plist; sourceTree = "<group>"; };
		905D94D022AC44F600BE4CA2 /* TelegramJsonParser.swift */ = {isa = PBXFileReference; lastKnownFileType = sourcecode.swift; path = TelegramJsonParser.swift; sourceTree = "<group>"; };
		905D94D422AC453F00BE4CA2 /* chart_data.json */ = {isa = PBXFileReference; fileEncoding = 4; lastKnownFileType = text.json; path = chart_data.json; sourceTree = "<group>"; };
/* End PBXFileReference section */

/* Begin PBXFrameworksBuildPhase section */
		90001B8F22AC43DD00185358 /* Frameworks */ = {
			isa = PBXFrameworksBuildPhase;
			buildActionMask = 2147483647;
			files = (
			);
			runOnlyForDeploymentPostprocessing = 0;
		};
		90001BA322AC43E000185358 /* Frameworks */ = {
			isa = PBXFrameworksBuildPhase;
			buildActionMask = 2147483647;
			files = (
			);
			runOnlyForDeploymentPostprocessing = 0;
		};
/* End PBXFrameworksBuildPhase section */

/* Begin PBXGroup section */
		90001B8922AC43DD00185358 = {
			isa = PBXGroup;
			children = (
				90001B9422AC43DD00185358 /* Graphics */,
				90001BA922AC43E000185358 /* GraphicsTests */,
				90001B9322AC43DD00185358 /* Products */,
			);
			sourceTree = "<group>";
		};
		90001B9322AC43DD00185358 /* Products */ = {
			isa = PBXGroup;
			children = (
				90001B9222AC43DD00185358 /* Graphics.app */,
				90001BA622AC43E000185358 /* GraphicsTests.xctest */,
			);
			name = Products;
			sourceTree = "<group>";
		};
		90001B9422AC43DD00185358 /* Graphics */ = {
			isa = PBXGroup;
			children = (
				905D94CF22AC44CA00BE4CA2 /* JSONParser */,
				90001B9522AC43DD00185358 /* AppDelegate.swift */,
				90001B9722AC43DD00185358 /* ViewController.swift */,
				90001B9922AC43DD00185358 /* Main.storyboard */,
				90001B9C22AC43E000185358 /* Assets.xcassets */,
				90001B9E22AC43E000185358 /* LaunchScreen.storyboard */,
				90001BA122AC43E000185358 /* Info.plist */,
			);
			path = Graphics;
			sourceTree = "<group>";
		};
		90001BA922AC43E000185358 /* GraphicsTests */ = {
			isa = PBXGroup;
			children = (
				90001BAA22AC43E000185358 /* GraphicsTests.swift */,
				90001BAC22AC43E000185358 /* Info.plist */,
			);
			path = GraphicsTests;
			sourceTree = "<group>";
		};
		905D94CF22AC44CA00BE4CA2 /* JSONParser */ = {
			isa = PBXGroup;
			children = (
				905D94D422AC453F00BE4CA2 /* chart_data.json */,
				905D94D022AC44F600BE4CA2 /* TelegramJsonParser.swift */,
			);
			path = JSONParser;
			sourceTree = "<group>";
		};
/* End PBXGroup section */

/* Begin PBXNativeTarget section */
		90001B9122AC43DD00185358 /* Graphics */ = {
			isa = PBXNativeTarget;
			buildConfigurationList = 90001BAF22AC43E000185358 /* Build configuration list for PBXNativeTarget "Graphics" */;
			buildPhases = (
				90001B8E22AC43DD00185358 /* Sources */,
				90001B8F22AC43DD00185358 /* Frameworks */,
				90001B9022AC43DD00185358 /* Resources */,
			);
			buildRules = (
			);
			dependencies = (
			);
			name = Graphics;
			productName = Graphics;
			productReference = 90001B9222AC43DD00185358 /* Graphics.app */;
			productType = "com.apple.product-type.application";
		};
		90001BA522AC43E000185358 /* GraphicsTests */ = {
			isa = PBXNativeTarget;
			buildConfigurationList = 90001BB222AC43E000185358 /* Build configuration list for PBXNativeTarget "GraphicsTests" */;
			buildPhases = (
				90001BA222AC43E000185358 /* Sources */,
				90001BA322AC43E000185358 /* Frameworks */,
				90001BA422AC43E000185358 /* Resources */,
			);
			buildRules = (
			);
			dependencies = (
				90001BA822AC43E000185358 /* PBXTargetDependency */,
			);
			name = GraphicsTests;
			productName = GraphicsTests;
			productReference = 90001BA622AC43E000185358 /* GraphicsTests.xctest */;
			productType = "com.apple.product-type.bundle.unit-test";
		};
/* End PBXNativeTarget section */

/* Begin PBXProject section */
		90001B8A22AC43DD00185358 /* Project object */ = {
			isa = PBXProject;
			attributes = {
				LastSwiftUpdateCheck = 1020;
				LastUpgradeCheck = 1020;
				ORGANIZATIONNAME = kassergey;
				TargetAttributes = {
					90001B9122AC43DD00185358 = {
						CreatedOnToolsVersion = 10.2;
					};
					90001BA522AC43E000185358 = {
						CreatedOnToolsVersion = 10.2;
						TestTargetID = 90001B9122AC43DD00185358;
					};
				};
			};
			buildConfigurationList = 90001B8D22AC43DD00185358 /* Build configuration list for PBXProject "Graphics" */;
			compatibilityVersion = "Xcode 9.3";
			developmentRegion = en;
			hasScannedForEncodings = 0;
			knownRegions = (
				en,
				Base,
			);
			mainGroup = 90001B8922AC43DD00185358;
			productRefGroup = 90001B9322AC43DD00185358 /* Products */;
			projectDirPath = "";
			projectRoot = "";
			targets = (
				90001B9122AC43DD00185358 /* Graphics */,
				90001BA522AC43E000185358 /* GraphicsTests */,
			);
		};
/* End PBXProject section */

/* Begin PBXResourcesBuildPhase section */
		90001B9022AC43DD00185358 /* Resources */ = {
			isa = PBXResourcesBuildPhase;
			buildActionMask = 2147483647;
			files = (
				90001BA022AC43E000185358 /* LaunchScreen.storyboard in Resources */,
				90001B9D22AC43E000185358 /* Assets.xcassets in Resources */,
				905D94D522AC453F00BE4CA2 /* chart_data.json in Resources */,
				90001B9B22AC43DD00185358 /* Main.storyboard in Resources */,
			);
			runOnlyForDeploymentPostprocessing = 0;
		};
		90001BA422AC43E000185358 /* Resources */ = {
			isa = PBXResourcesBuildPhase;
			buildActionMask = 2147483647;
			files = (
			);
			runOnlyForDeploymentPostprocessing = 0;
		};
/* End PBXResourcesBuildPhase section */

/* Begin PBXSourcesBuildPhase section */
		90001B8E22AC43DD00185358 /* Sources */ = {
			isa = PBXSourcesBuildPhase;
			buildActionMask = 2147483647;
			files = (
				90001B9822AC43DD00185358 /* ViewController.swift in Sources */,
				90001B9622AC43DD00185358 /* AppDelegate.swift in Sources */,
				905D94D122AC44F600BE4CA2 /* TelegramJsonParser.swift in Sources */,
			);
			runOnlyForDeploymentPostprocessing = 0;
		};
		90001BA222AC43E000185358 /* Sources */ = {
			isa = PBXSourcesBuildPhase;
			buildActionMask = 2147483647;
			files = (
				90001BAB22AC43E000185358 /* GraphicsTests.swift in Sources */,
			);
			runOnlyForDeploymentPostprocessing = 0;
		};
/* End PBXSourcesBuildPhase section */

/* Begin PBXTargetDependency section */
		90001BA822AC43E000185358 /* PBXTargetDependency */ = {
			isa = PBXTargetDependency;
			target = 90001B9122AC43DD00185358 /* Graphics */;
			targetProxy = 90001BA722AC43E000185358 /* PBXContainerItemProxy */;
		};
/* End PBXTargetDependency section */

/* Begin PBXVariantGroup section */
		90001B9922AC43DD00185358 /* Main.storyboard */ = {
			isa = PBXVariantGroup;
			children = (
				90001B9A22AC43DD00185358 /* Base */,
			);
			name = Main.storyboard;
			sourceTree = "<group>";
		};
		90001B9E22AC43E000185358 /* LaunchScreen.storyboard */ = {
			isa = PBXVariantGroup;
			children = (
				90001B9F22AC43E000185358 /* Base */,
			);
			name = LaunchScreen.storyboard;
			sourceTree = "<group>";
		};
/* End PBXVariantGroup section */

/* Begin XCBuildConfiguration section */
		90001BAD22AC43E000185358 /* Debug */ = {
			isa = XCBuildConfiguration;
			buildSettings = {
				ALWAYS_SEARCH_USER_PATHS = NO;
				CLANG_ANALYZER_NONNULL = YES;
				CLANG_ANALYZER_NUMBER_OBJECT_CONVERSION = YES_AGGRESSIVE;
				CLANG_CXX_LANGUAGE_STANDARD = "gnu++14";
				CLANG_CXX_LIBRARY = "libc++";
				CLANG_ENABLE_MODULES = YES;
				CLANG_ENABLE_OBJC_ARC = YES;
				CLANG_ENABLE_OBJC_WEAK = YES;
				CLANG_WARN_BLOCK_CAPTURE_AUTORELEASING = YES;
				CLANG_WARN_BOOL_CONVERSION = YES;
				CLANG_WARN_COMMA = YES;
				CLANG_WARN_CONSTANT_CONVERSION = YES;
				CLANG_WARN_DEPRECATED_OBJC_IMPLEMENTATIONS = YES;
				CLANG_WARN_DIRECT_OBJC_ISA_USAGE = YES_ERROR;
				CLANG_WARN_DOCUMENTATION_COMMENTS = YES;
				CLANG_WARN_EMPTY_BODY = YES;
				CLANG_WARN_ENUM_CONVERSION = YES;
				CLANG_WARN_INFINITE_RECURSION = YES;
				CLANG_WARN_INT_CONVERSION = YES;
				CLANG_WARN_NON_LITERAL_NULL_CONVERSION = YES;
				CLANG_WARN_OBJC_IMPLICIT_RETAIN_SELF = YES;
				CLANG_WARN_OBJC_LITERAL_CONVERSION = YES;
				CLANG_WARN_OBJC_ROOT_CLASS = YES_ERROR;
				CLANG_WARN_RANGE_LOOP_ANALYSIS = YES;
				CLANG_WARN_STRICT_PROTOTYPES = YES;
				CLANG_WARN_SUSPICIOUS_MOVE = YES;
				CLANG_WARN_UNGUARDED_AVAILABILITY = YES_AGGRESSIVE;
				CLANG_WARN_UNREACHABLE_CODE = YES;
				CLANG_WARN__DUPLICATE_METHOD_MATCH = YES;
				CODE_SIGN_IDENTITY = "iPhone Developer";
				COPY_PHASE_STRIP = NO;
				DEBUG_INFORMATION_FORMAT = dwarf;
				ENABLE_STRICT_OBJC_MSGSEND = YES;
				ENABLE_TESTABILITY = YES;
				GCC_C_LANGUAGE_STANDARD = gnu11;
				GCC_DYNAMIC_NO_PIC = NO;
				GCC_NO_COMMON_BLOCKS = YES;
				GCC_OPTIMIZATION_LEVEL = 0;
				GCC_PREPROCESSOR_DEFINITIONS = (
					"DEBUG=1",
					"$(inherited)",
				);
				GCC_WARN_64_TO_32_BIT_CONVERSION = YES;
				GCC_WARN_ABOUT_RETURN_TYPE = YES_ERROR;
				GCC_WARN_UNDECLARED_SELECTOR = YES;
				GCC_WARN_UNINITIALIZED_AUTOS = YES_AGGRESSIVE;
				GCC_WARN_UNUSED_FUNCTION = YES;
				GCC_WARN_UNUSED_VARIABLE = YES;
				IPHONEOS_DEPLOYMENT_TARGET = 12.2;
				MTL_ENABLE_DEBUG_INFO = INCLUDE_SOURCE;
				MTL_FAST_MATH = YES;
				ONLY_ACTIVE_ARCH = YES;
				SDKROOT = iphoneos;
				SWIFT_ACTIVE_COMPILATION_CONDITIONS = DEBUG;
				SWIFT_OPTIMIZATION_LEVEL = "-Onone";
			};
			name = Debug;
		};
		90001BAE22AC43E000185358 /* Release */ = {
			isa = XCBuildConfiguration;
			buildSettings = {
				ALWAYS_SEARCH_USER_PATHS = NO;
				CLANG_ANALYZER_NONNULL = YES;
				CLANG_ANALYZER_NUMBER_OBJECT_CONVERSION = YES_AGGRESSIVE;
				CLANG_CXX_LANGUAGE_STANDARD = "gnu++14";
				CLANG_CXX_LIBRARY = "libc++";
				CLANG_ENABLE_MODULES = YES;
				CLANG_ENABLE_OBJC_ARC = YES;
				CLANG_ENABLE_OBJC_WEAK = YES;
				CLANG_WARN_BLOCK_CAPTURE_AUTORELEASING = YES;
				CLANG_WARN_BOOL_CONVERSION = YES;
				CLANG_WARN_COMMA = YES;
				CLANG_WARN_CONSTANT_CONVERSION = YES;
				CLANG_WARN_DEPRECATED_OBJC_IMPLEMENTATIONS = YES;
				CLANG_WARN_DIRECT_OBJC_ISA_USAGE = YES_ERROR;
				CLANG_WARN_DOCUMENTATION_COMMENTS = YES;
				CLANG_WARN_EMPTY_BODY = YES;
				CLANG_WARN_ENUM_CONVERSION = YES;
				CLANG_WARN_INFINITE_RECURSION = YES;
				CLANG_WARN_INT_CONVERSION = YES;
				CLANG_WARN_NON_LITERAL_NULL_CONVERSION = YES;
				CLANG_WARN_OBJC_IMPLICIT_RETAIN_SELF = YES;
				CLANG_WARN_OBJC_LITERAL_CONVERSION = YES;
				CLANG_WARN_OBJC_ROOT_CLASS = YES_ERROR;
				CLANG_WARN_RANGE_LOOP_ANALYSIS = YES;
				CLANG_WARN_STRICT_PROTOTYPES = YES;
				CLANG_WARN_SUSPICIOUS_MOVE = YES;
				CLANG_WARN_UNGUARDED_AVAILABILITY = YES_AGGRESSIVE;
				CLANG_WARN_UNREACHABLE_CODE = YES;
				CLANG_WARN__DUPLICATE_METHOD_MATCH = YES;
				CODE_SIGN_IDENTITY = "iPhone Developer";
				COPY_PHASE_STRIP = NO;
				DEBUG_INFORMATION_FORMAT = "dwarf-with-dsym";
				ENABLE_NS_ASSERTIONS = NO;
				ENABLE_STRICT_OBJC_MSGSEND = YES;
				GCC_C_LANGUAGE_STANDARD = gnu11;
				GCC_NO_COMMON_BLOCKS = YES;
				GCC_WARN_64_TO_32_BIT_CONVERSION = YES;
				GCC_WARN_ABOUT_RETURN_TYPE = YES_ERROR;
				GCC_WARN_UNDECLARED_SELECTOR = YES;
				GCC_WARN_UNINITIALIZED_AUTOS = YES_AGGRESSIVE;
				GCC_WARN_UNUSED_FUNCTION = YES;
				GCC_WARN_UNUSED_VARIABLE = YES;
				IPHONEOS_DEPLOYMENT_TARGET = 12.2;
				MTL_ENABLE_DEBUG_INFO = NO;
				MTL_FAST_MATH = YES;
				SDKROOT = iphoneos;
				SWIFT_COMPILATION_MODE = wholemodule;
				SWIFT_OPTIMIZATION_LEVEL = "-O";
				VALIDATE_PRODUCT = YES;
			};
			name = Release;
		};
		90001BB022AC43E000185358 /* Debug */ = {
			isa = XCBuildConfiguration;
			buildSettings = {
				ASSETCATALOG_COMPILER_APPICON_NAME = AppIcon;
				CODE_SIGN_STYLE = Automatic;
				INFOPLIST_FILE = Graphics/Info.plist;
				LD_RUNPATH_SEARCH_PATHS = (
					"$(inherited)",
					"@executable_path/Frameworks",
				);
				PRODUCT_BUNDLE_IDENTIFIER = com.kassergey.Graphics;
				PRODUCT_NAME = "$(TARGET_NAME)";
				SWIFT_VERSION = 5.0;
				TARGETED_DEVICE_FAMILY = "1,2";
			};
			name = Debug;
		};
		90001BB122AC43E000185358 /* Release */ = {
			isa = XCBuildConfiguration;
			buildSettings = {
				ASSETCATALOG_COMPILER_APPICON_NAME = AppIcon;
				CODE_SIGN_STYLE = Automatic;
				INFOPLIST_FILE = Graphics/Info.plist;
				LD_RUNPATH_SEARCH_PATHS = (
					"$(inherited)",
					"@executable_path/Frameworks",
				);
				PRODUCT_BUNDLE_IDENTIFIER = com.kassergey.Graphics;
				PRODUCT_NAME = "$(TARGET_NAME)";
				SWIFT_VERSION = 5.0;
				TARGETED_DEVICE_FAMILY = "1,2";
			};
			name = Release;
		};
		90001BB322AC43E000185358 /* Debug */ = {
			isa = XCBuildConfiguration;
			buildSettings = {
				ALWAYS_EMBED_SWIFT_STANDARD_LIBRARIES = YES;
				BUNDLE_LOADER = "$(TEST_HOST)";
				CODE_SIGN_STYLE = Automatic;
				INFOPLIST_FILE = GraphicsTests/Info.plist;
				LD_RUNPATH_SEARCH_PATHS = (
					"$(inherited)",
					"@executable_path/Frameworks",
					"@loader_path/Frameworks",
				);
				PRODUCT_BUNDLE_IDENTIFIER = com.kassergey.GraphicsTests;
				PRODUCT_NAME = "$(TARGET_NAME)";
				SWIFT_VERSION = 5.0;
				TARGETED_DEVICE_FAMILY = "1,2";
				TEST_HOST = "$(BUILT_PRODUCTS_DIR)/Graphics.app/Graphics";
			};
			name = Debug;
		};
		90001BB422AC43E000185358 /* Release */ = {
			isa = XCBuildConfiguration;
			buildSettings = {
				ALWAYS_EMBED_SWIFT_STANDARD_LIBRARIES = YES;
				BUNDLE_LOADER = "$(TEST_HOST)";
				CODE_SIGN_STYLE = Automatic;
				INFOPLIST_FILE = GraphicsTests/Info.plist;
				LD_RUNPATH_SEARCH_PATHS = (
					"$(inherited)",
					"@executable_path/Frameworks",
					"@loader_path/Frameworks",
				);
				PRODUCT_BUNDLE_IDENTIFIER = com.kassergey.GraphicsTests;
				PRODUCT_NAME = "$(TARGET_NAME)";
				SWIFT_VERSION = 5.0;
				TARGETED_DEVICE_FAMILY = "1,2";
				TEST_HOST = "$(BUILT_PRODUCTS_DIR)/Graphics.app/Graphics";
			};
			name = Release;
		};
/* End XCBuildConfiguration section */

/* Begin XCConfigurationList section */
		90001B8D22AC43DD00185358 /* Build configuration list for PBXProject "Graphics" */ = {
			isa = XCConfigurationList;
			buildConfigurations = (
				90001BAD22AC43E000185358 /* Debug */,
				90001BAE22AC43E000185358 /* Release */,
			);
			defaultConfigurationIsVisible = 0;
			defaultConfigurationName = Release;
		};
		90001BAF22AC43E000185358 /* Build configuration list for PBXNativeTarget "Graphics" */ = {
			isa = XCConfigurationList;
			buildConfigurations = (
				90001BB022AC43E000185358 /* Debug */,
				90001BB122AC43E000185358 /* Release */,
			);
			defaultConfigurationIsVisible = 0;
			defaultConfigurationName = Release;
		};
		90001BB222AC43E000185358 /* Build configuration list for PBXNativeTarget "GraphicsTests" */ = {
			isa = XCConfigurationList;
			buildConfigurations = (
				90001BB322AC43E000185358 /* Debug */,
				90001BB422AC43E000185358 /* Release */,
			);
			defaultConfigurationIsVisible = 0;
			defaultConfigurationName = Release;
		};
/* End XCConfigurationList section */
	};
	rootObject = 90001B8A22AC43DD00185358 /* Project object */;
}
